
Microsoft Visual Studio Solution File, Format Version 12.00
# Visual Studio Version 16
VisualStudioVersion = 16.0.29403.142
MinimumVisualStudioVersion = 10.0.40219.1
Project("{FAE04EC0-301F-11D3-BF4B-00C04F79EFBC}") = "SignalR", "SignalR\SignalR.csproj", "{C95BE9F6-7AFA-4908-B3E7-6BF33624674A}"
EndProject
Global
	GlobalSection(SolutionConfigurationPlatforms) = preSolution
		Debug|Any CPU = Debug|Any CPU
		Release|Any CPU = Release|Any CPU
	EndGlobalSection
	GlobalSection(ProjectConfigurationPlatforms) = postSolution
		{C95BE9F6-7AFA-4908-B3E7-6BF33624674A}.Debug|Any CPU.ActiveCfg = Debug|Any CPU
		{C95BE9F6-7AFA-4908-B3E7-6BF33624674A}.Debug|Any CPU.Build.0 = Debug|Any CPU
		{C95BE9F6-7AFA-4908-B3E7-6BF33624674A}.Release|Any CPU.ActiveCfg = Release|Any CPU
		{C95BE9F6-7AFA-4908-B3E7-6BF33624674A}.Release|Any CPU.Build.0 = Release|Any CPU
	EndGlobalSection
	GlobalSection(SolutionProperties) = preSolution
		HideSolutionNode = FALSE
	EndGlobalSection
	GlobalSection(ExtensibilityGlobals) = postSolution
		SolutionGuid = {D328AAE5-CA9F-4B08-B518-7235E939348D}
	EndGlobalSection
EndGlobal
